
Microsoft Visual Studio Solution File, Format Version 12.00
# Visual Studio Version 17
VisualStudioVersion = 17.14.36202.13 d17.14
MinimumVisualStudioVersion = 10.0.40219.1
Project("{FAE04EC0-301F-11D3-BF4B-00C04F79EFBC}") = "ConsoleAppGit", "ConsoleAppGit\ConsoleAppGit.csproj", "{015BCE55-8D72-45BB-80AE-9E2281EB4229}"
EndProject
Global
	GlobalSection(SolutionConfigurationPlatforms) = preSolution
		Debug|Any CPU = Debug|Any CPU
		Release|Any CPU = Release|Any CPU
	EndGlobalSection
	GlobalSection(ProjectConfigurationPlatforms) = postSolution
		{015BCE55-8D72-45BB-80AE-9E2281EB4229}.Debug|Any CPU.ActiveCfg = Debug|Any CPU
		{015BCE55-8D72-45BB-80AE-9E2281EB4229}.Debug|Any CPU.Build.0 = Debug|Any CPU
		{015BCE55-8D72-45BB-80AE-9E2281EB4229}.Release|Any CPU.ActiveCfg = Release|Any CPU
		{015BCE55-8D72-45BB-80AE-9E2281EB4229}.Release|Any CPU.Build.0 = Release|Any CPU
	EndGlobalSection
	GlobalSection(SolutionProperties) = preSolution
		HideSolutionNode = FALSE
	EndGlobalSection
	GlobalSection(ExtensibilityGlobals) = postSolution
		SolutionGuid = {D33AF5C6-B891-4377-87E8-5ECB9E095B3E}
	EndGlobalSection
EndGlobal
